// !$*UTF8*$!
{
	archiveVersion = 1;
	classes = {
	};
	objectVersion = 46;
	objects = {

/* Begin PBXBuildFile section */
		61D736331D41AD77007B9D0B /* main.m in Sources */ = {isa = PBXBuildFile; fileRef = 61D736321D41AD77007B9D0B /* main.m */; };
		61D736361D41AD77007B9D0B /* AppDelegate.m in Sources */ = {isa = PBXBuildFile; fileRef = 61D736351D41AD77007B9D0B /* AppDelegate.m */; };
		61D736391D41AD77007B9D0B /* ViewController.m in Sources */ = {isa = PBXBuildFile; fileRef = 61D736381D41AD77007B9D0B /* ViewController.m */; };
		61D7363C1D41AD77007B9D0B /* Main.storyboard in Resources */ = {isa = PBXBuildFile; fileRef = 61D7363A1D41AD77007B9D0B /* Main.storyboard */; };
		61D7363E1D41AD78007B9D0B /* Assets.xcassets in Resources */ = {isa = PBXBuildFile; fileRef = 61D7363D1D41AD78007B9D0B /* Assets.xcassets */; };
		61D736411D41AD78007B9D0B /* LaunchScreen.storyboard in Resources */ = {isa = PBXBuildFile; fileRef = 61D7363F1D41AD78007B9D0B /* LaunchScreen.storyboard */; };
/* End PBXBuildFile section */

/* Begin PBXFileReference section */
		61D7362E1D41AD77007B9D0B /* MultipeerConnectivity.app */ = {isa = PBXFileReference; explicitFileType = wrapper.application; includeInIndex = 0; path = MultipeerConnectivity.app; sourceTree = BUILT_PRODUCTS_DIR; };
		61D736321D41AD77007B9D0B /* main.m */ = {isa = PBXFileReference; lastKnownFileType = sourcecode.c.objc; path = main.m; sourceTree = "<group>"; };
		61D736341D41AD77007B9D0B /* AppDelegate.h */ = {isa = PBXFileReference; lastKnownFileType = sourcecode.c.h; path = AppDelegate.h; sourceTree = "<group>"; };
		61D736351D41AD77007B9D0B /* AppDelegate.m */ = {isa = PBXFileReference; lastKnownFileType = sourcecode.c.objc; path = AppDelegate.m; sourceTree = "<group>"; };
		61D736371D41AD77007B9D0B /* ViewController.h */ = {isa = PBXFileReference; lastKnownFileType = sourcecode.c.h; path = ViewController.h; sourceTree = "<group>"; };
		61D736381D41AD77007B9D0B /* ViewController.m */ = {isa = PBXFileReference; lastKnownFileType = sourcecode.c.objc; path = ViewController.m; sourceTree = "<group>"; };
		61D7363B1D41AD77007B9D0B /* Base */ = {isa = PBXFileReference; lastKnownFileType = file.storyboard; name = Base; path = Base.lproj/Main.storyboard; sourceTree = "<group>"; };
		61D7363D1D41AD78007B9D0B /* Assets.xcassets */ = {isa = PBXFileReference; lastKnownFileType = folder.assetcatalog; path = Assets.xcassets; sourceTree = "<group>"; };
		61D736401D41AD78007B9D0B /* Base */ = {isa = PBXFileReference; lastKnownFileType = file.storyboard; name = Base; path = Base.lproj/LaunchScreen.storyboard; sourceTree = "<group>"; };
		61D736421D41AD78007B9D0B /* Info.plist */ = {isa = PBXFileReference; lastKnownFileType = text.plist.xml; path = Info.plist; sourceTree = "<group>"; };
/* End PBXFileReference section */

/* Begin PBXFrameworksBuildPhase section */
		61D7362B1D41AD77007B9D0B /* Frameworks */ = {
			isa = PBXFrameworksBuildPhase;
			buildActionMask = 2147483647;
			files = (
			);
			runOnlyForDeploymentPostprocessing = 0;
		};
/* End PBXFrameworksBuildPhase section */

/* Begin PBXGroup section */
		61D736251D41AD77007B9D0B = {
			isa = PBXGroup;
			children = (
				61D736301D41AD77007B9D0B /* MultipeerConnectivity */,
				61D7362F1D41AD77007B9D0B /* Products */,
			);
			sourceTree = "<group>";
		};
		61D7362F1D41AD77007B9D0B /* Products */ = {
			isa = PBXGroup;
			children = (
				61D7362E1D41AD77007B9D0B /* MultipeerConnectivity.app */,
			);
			name = Products;
			sourceTree = "<group>";
		};
		61D736301D41AD77007B9D0B /* MultipeerConnectivity */ = {
			isa = PBXGroup;
			children = (
				61D736341D41AD77007B9D0B /* AppDelegate.h */,
				61D736351D41AD77007B9D0B /* AppDelegate.m */,
				61D736371D41AD77007B9D0B /* ViewController.h */,
				61D736381D41AD77007B9D0B /* ViewController.m */,
				61D7363A1D41AD77007B9D0B /* Main.storyboard */,
				61D7363D1D41AD78007B9D0B /* Assets.xcassets */,
				61D7363F1D41AD78007B9D0B /* LaunchScreen.storyboard */,
				61D736421D41AD78007B9D0B /* Info.plist */,
				61D736311D41AD77007B9D0B /* Supporting Files */,
			);
			path = MultipeerConnectivity;
			sourceTree = "<group>";
		};
		61D736311D41AD77007B9D0B /* Supporting Files */ = {
			isa = PBXGroup;
			children = (
				61D736321D41AD77007B9D0B /* main.m */,
			);
			name = "Supporting Files";
			sourceTree = "<group>";
		};
/* End PBXGroup section */

/* Begin PBXNativeTarget section */
		61D7362D1D41AD77007B9D0B /* MultipeerConnectivity */ = {
			isa = PBXNativeTarget;
			buildConfigurationList = 61D736451D41AD78007B9D0B /* Build configuration list for PBXNativeTarget "MultipeerConnectivity" */;
			buildPhases = (
				61D7362A1D41AD77007B9D0B /* Sources */,
				61D7362B1D41AD77007B9D0B /* Frameworks */,
				61D7362C1D41AD77007B9D0B /* Resources */,
			);
			buildRules = (
			);
			dependencies = (
			);
			name = MultipeerConnectivity;
			productName = MultipeerConnectivity;
			productReference = 61D7362E1D41AD77007B9D0B /* MultipeerConnectivity.app */;
			productType = "com.apple.product-type.application";
		};
/* End PBXNativeTarget section */

/* Begin PBXProject section */
		61D736261D41AD77007B9D0B /* Project object */ = {
			isa = PBXProject;
			attributes = {
				LastUpgradeCheck = 0730;
				ORGANIZATIONNAME = wanglei;
				TargetAttributes = {
					61D7362D1D41AD77007B9D0B = {
						CreatedOnToolsVersion = 7.3.1;
					};
				};
			};
			buildConfigurationList = 61D736291D41AD77007B9D0B /* Build configuration list for PBXProject "MultipeerConnectivity" */;
			compatibilityVersion = "Xcode 3.2";
			developmentRegion = English;
			hasScannedForEncodings = 0;
			knownRegions = (
				en,
				Base,
			);
			mainGroup = 61D736251D41AD77007B9D0B;
			productRefGroup = 61D7362F1D41AD77007B9D0B /* Products */;
			projectDirPath = "";
			projectRoot = "";
			targets = (
				61D7362D1D41AD77007B9D0B /* MultipeerConnectivity */,
			);
		};
/* End PBXProject section */

/* Begin PBXResourcesBuildPhase section */
		61D7362C1D41AD77007B9D0B /* Resources */ = {
			isa = PBXResourcesBuildPhase;
			buildActionMask = 2147483647;
			files = (
				61D736411D41AD78007B9D0B /* LaunchScreen.storyboard in Resources */,
				61D7363E1D41AD78007B9D0B /* Assets.xcassets in Resources */,
				61D7363C1D41AD77007B9D0B /* Main.storyboard in Resources */,
			);
			runOnlyForDeploymentPostprocessing = 0;
		};
/* End PBXResourcesBuildPhase section */

/* Begin PBXSourcesBuildPhase section */
		61D7362A1D41AD77007B9D0B /* Sources */ = {
			isa = PBXSourcesBuildPhase;
			buildActionMask = 2147483647;
			files = (
				61D736391D41AD77007B9D0B /* ViewController.m in Sources */,
				61D736361D41AD77007B9D0B /* AppDelegate.m in Sources */,
				61D736331D41AD77007B9D0B /* main.m in Sources */,
			);
			runOnlyForDeploymentPostprocessing = 0;
		};
/* End PBXSourcesBuildPhase section */

/* Begin PBXVariantGroup section */
		61D7363A1D41AD77007B9D0B /* Main.storyboard */ = {
			isa = PBXVariantGroup;
			children = (
				61D7363B1D41AD77007B9D0B /* Base */,
			);
			name = Main.storyboard;
			sourceTree = "<group>";
		};
		61D7363F1D41AD78007B9D0B /* LaunchScreen.storyboard */ = {
			isa = PBXVariantGroup;
			children = (
				61D736401D41AD78007B9D0B /* Base */,
			);
			name = LaunchScreen.storyboard;
			sourceTree = "<group>";
		};
/* End PBXVariantGroup section */

/* Begin XCBuildConfiguration section */
		61D736431D41AD78007B9D0B /* Debug */ = {
			isa = XCBuildConfiguration;
			buildSettings = {
				ALWAYS_SEARCH_USER_PATHS = NO;
				CLANG_ANALYZER_NONNULL = YES;
				CLANG_CXX_LANGUAGE_STANDARD = "gnu++0x";
				CLANG_CXX_LIBRARY = "libc++";
				CLANG_ENABLE_MODULES = YES;
				CLANG_ENABLE_OBJC_ARC = YES;
				CLANG_WARN_BOOL_CONVERSION = YES;
				CLANG_WARN_CONSTANT_CONVERSION = YES;
				CLANG_WARN_DIRECT_OBJC_ISA_USAGE = YES_ERROR;
				CLANG_WARN_EMPTY_BODY = YES;
				CLANG_WARN_ENUM_CONVERSION = YES;
				CLANG_WARN_INT_CONVERSION = YES;
				CLANG_WARN_OBJC_ROOT_CLASS = YES_ERROR;
				CLANG_WARN_UNREACHABLE_CODE = YES;
				CLANG_WARN__DUPLICATE_METHOD_MATCH = YES;
				"CODE_SIGN_IDENTITY[sdk=iphoneos*]" = "iPhone Developer";
				COPY_PHASE_STRIP = NO;
				DEBUG_INFORMATION_FORMAT = dwarf;
				ENABLE_STRICT_OBJC_MSGSEND = YES;
				ENABLE_TESTABILITY = YES;
				GCC_C_LANGUAGE_STANDARD = gnu99;
				GCC_DYNAMIC_NO_PIC = NO;
				GCC_NO_COMMON_BLOCKS = YES;
				GCC_OPTIMIZATION_LEVEL = 0;
				GCC_PREPROCESSOR_DEFINITIONS = (
					"DEBUG=1",
					"$(inherited)",
				);
				GCC_WARN_64_TO_32_BIT_CONVERSION = YES;
				GCC_WARN_ABOUT_RETURN_TYPE = YES_ERROR;
				GCC_WARN_UNDECLARED_SELECTOR = YES;
				GCC_WARN_UNINITIALIZED_AUTOS = YES_AGGRESSIVE;
				GCC_WARN_UNUSED_FUNCTION = YES;
				GCC_WARN_UNUSED_VARIABLE = YES;
				IPHONEOS_DEPLOYMENT_TARGET = 9.3;
				MTL_ENABLE_DEBUG_INFO = YES;
				ONLY_ACTIVE_ARCH = YES;
				SDKROOT = iphoneos;
			};
			name = Debug;
		};
		61D736441D41AD78007B9D0B /* Release */ = {
			isa = XCBuildConfiguration;
			buildSettings = {
				ALWAYS_SEARCH_USER_PATHS = NO;
				CLANG_ANALYZER_NONNULL = YES;
				CLANG_CXX_LANGUAGE_STANDARD = "gnu++0x";
				CLANG_CXX_LIBRARY = "libc++";
				CLANG_ENABLE_MODULES = YES;
				CLANG_ENABLE_OBJC_ARC = YES;
				CLANG_WARN_BOOL_CONVERSION = YES;
				CLANG_WARN_CONSTANT_CONVERSION = YES;
				CLANG_WARN_DIRECT_OBJC_ISA_USAGE = YES_ERROR;
				CLANG_WARN_EMPTY_BODY = YES;
				CLANG_WARN_ENUM_CONVERSION = YES;
				CLANG_WARN_INT_CONVERSION = YES;
				CLANG_WARN_OBJC_ROOT_CLASS = YES_ERROR;
				CLANG_WARN_UNREACHABLE_CODE = YES;
				CLANG_WARN__DUPLICATE_METHOD_MATCH = YES;
				"CODE_SIGN_IDENTITY[sdk=iphoneos*]" = "iPhone Developer";
				COPY_PHASE_STRIP = NO;
				DEBUG_INFORMATION_FORMAT = "dwarf-with-dsym";
				ENABLE_NS_ASSERTIONS = NO;
				ENABLE_STRICT_OBJC_MSGSEND = YES;
				GCC_C_LANGUAGE_STANDARD = gnu99;
				GCC_NO_COMMON_BLOCKS = YES;
				GCC_WARN_64_TO_32_BIT_CONVERSION = YES;
				GCC_WARN_ABOUT_RETURN_TYPE = YES_ERROR;
				GCC_WARN_UNDECLARED_SELECTOR = YES;
				GCC_WARN_UNINITIALIZED_AUTOS = YES_AGGRESSIVE;
				GCC_WARN_UNUSED_FUNCTION = YES;
				GCC_WARN_UNUSED_VARIABLE = YES;
				IPHONEOS_DEPLOYMENT_TARGET = 9.3;
				MTL_ENABLE_DEBUG_INFO = NO;
				SDKROOT = iphoneos;
				VALIDATE_PRODUCT = YES;
			};
			name = Release;
		};
		61D736461D41AD78007B9D0B /* Debug */ = {
			isa = XCBuildConfiguration;
			buildSettings = {
				ASSETCATALOG_COMPILER_APPICON_NAME = AppIcon;
				CODE_SIGN_IDENTITY = "iPhone Developer";
				INFOPLIST_FILE = MultipeerConnectivity/Info.plist;
				IPHONEOS_DEPLOYMENT_TARGET = 7.1;
				LD_RUNPATH_SEARCH_PATHS = "$(inherited) @executable_path/Frameworks";
				PRODUCT_BUNDLE_IDENTIFIER = com.wanglei.MultipeerConnectivity;
				PRODUCT_NAME = "$(TARGET_NAME)";
			};
			name = Debug;
		};
		61D736471D41AD78007B9D0B /* Release */ = {
			isa = XCBuildConfiguration;
			buildSettings = {
				ASSETCATALOG_COMPILER_APPICON_NAME = AppIcon;
				INFOPLIST_FILE = MultipeerConnectivity/Info.plist;
				IPHONEOS_DEPLOYMENT_TARGET = 7.1;
				LD_RUNPATH_SEARCH_PATHS = "$(inherited) @executable_path/Frameworks";
				PRODUCT_BUNDLE_IDENTIFIER = com.wanglei.MultipeerConnectivity;
				PRODUCT_NAME = "$(TARGET_NAME)";
			};
			name = Release;
		};
/* End XCBuildConfiguration section */

/* Begin XCConfigurationList section */
		61D736291D41AD77007B9D0B /* Build configuration list for PBXProject "MultipeerConnectivity" */ = {
			isa = XCConfigurationList;
			buildConfigurations = (
				61D736431D41AD78007B9D0B /* Debug */,
				61D736441D41AD78007B9D0B /* Release */,
			);
			defaultConfigurationIsVisible = 0;
			defaultConfigurationName = Release;
		};
		61D736451D41AD78007B9D0B /* Build configuration list for PBXNativeTarget "MultipeerConnectivity" */ = {
			isa = XCConfigurationList;
			buildConfigurations = (
				61D736461D41AD78007B9D0B /* Debug */,
				61D736471D41AD78007B9D0B /* Release */,
			);
			defaultConfigurationIsVisible = 0;
		};
/* End XCConfigurationList section */
	};
	rootObject = 61D736261D41AD77007B9D0B /* Project object */;
}
